lockfileVersion: '9.0'

settings:
  autoInstallPeers: true
  excludeLinksFromLockfile: false

importers:

  .:
    dependencies:
      '@types/fluent-ffmpeg':
        specifier: ^2.1.27
        version: 2.1.27
      fluent-ffmpeg:
        specifier: ^2.1.3
        version: 2.1.3
    devDependencies:
      '@playwright/test':
        specifier: ^1.50.1
        version: 1.50.1
      '@types/node':
        specifier: ^22.13.1
        version: 22.13.1
      dotenv:
        specifier: ^16.4.7
        version: 16.4.7

packages:

  '@playwright/test@1.50.1':
    resolution: {integrity: sha512-Jii3aBg+CEDpgnuDxEp/h7BimHcUTDlpEtce89xEumlJ5ef2hqepZ+PWp1DDpYC/VO9fmWVI1IlEaoI5fK9FXQ==}
    engines: {node: '>=18'}
    hasBin: true

  '@types/fluent-ffmpeg@2.1.27':
    resolution: {integrity: sha512-QiDWjihpUhriISNoBi2hJBRUUmoj/BMTYcfz+F+ZM9hHWBYABFAE6hjP/TbCZC0GWwlpa3FzvHH9RzFeRusZ7A==}

  '@types/node@22.13.1':
    resolution: {integrity: sha512-jK8uzQlrvXqEU91UxiK5J7pKHyzgnI1Qnl0QDHIgVGuolJhRb9EEl28Cj9b3rGR8B2lhFCtvIm5os8lFnO/1Ew==}

  async@0.2.10:
    resolution: {integrity: sha512-eAkdoKxU6/LkKDBzLpT+t6Ff5EtfSF4wx1WfJiPEEV7WNLnDaRXk0oVysiEPm262roaachGexwUv94WhSgN5TQ==}

  dotenv@16.4.7:
    resolution: {integrity: sha512-47qPchRCykZC03FhkYAhrvwU4xDBFIj1QPqaarj6mdM/hgUzfPHcpkHJOn3mJAufFeeAxAzeGsr5X0M4k6fLZQ==}
    engines: {node: '>=12'}

  fluent-ffmpeg@2.1.3:
    resolution: {integrity: sha512-Be3narBNt2s6bsaqP6Jzq91heDgOEaDCJAXcE3qcma/EJBSy5FB4cvO31XBInuAuKBx8Kptf8dkhjK0IOru39Q==}
    engines: {node: '>=18'}

  fsevents@2.3.2:
    resolution: {integrity: sha512-xiqMQR4xAeHTuB9uWm+fFRcIOgKBMiOBP+eXiyT7jsgVCq1bkVygt00oASowB7EdtpOHaaPgKt812P9ab+DDKA==}
    engines: {node: ^8.16.0 || ^10.6.0 || >=11.0.0}
    os: [darwin]

  isexe@2.0.0:
    resolution: {integrity: sha512-RHxMLp9lnKHGHRng9QFhRCMbYAcVpn69smSGcq3f36xjgVVWThj4qqLbTLlq7Ssj8B+fIQ1EuCEGI2lKsyQeIw==}

  playwright-core@1.50.1:
    resolution: {integrity: sha512-ra9fsNWayuYumt+NiM069M6OkcRb1FZSK8bgi66AtpFoWkg2+y0bJSNmkFrWhMbEBbVKC/EruAHH3g0zmtwGmQ==}
    engines: {node: '>=18'}
    hasBin: true

  playwright@1.50.1:
    resolution: {integrity: sha512-G8rwsOQJ63XG6BbKj2w5rHeavFjy5zynBA9zsJMMtBoe/Uf757oG12NXz6e6OirF7RCrTVAKFXbLmn1RbL7Qaw==}
    engines: {node: '>=18'}
    hasBin: true

  undici-types@6.20.0:
    resolution: {integrity: sha512-Ny6QZ2Nju20vw1SRHe3d9jVu6gJ+4e3+MMpqu7pqE5HT6WsTSlce++GQmK5UXS8mzV8DSYHrQH+Xrf2jVcuKNg==}

  which@1.3.1:
    resolution: {integrity: sha512-HxJdYWq1MTIQbJ3nw0cqssHoTNU267KlrDuGZ1WYlxDStUtKUhOaJmh112/TZmHxxUfuJqPXSOm7tDyas0OSIQ==}
    hasBin: true

snapshots:

  '@playwright/test@1.50.1':
    dependencies:
      playwright: 1.50.1

  '@types/fluent-ffmpeg@2.1.27':
    dependencies:
      '@types/node': 22.13.1

  '@types/node@22.13.1':
    dependencies:
      undici-types: 6.20.0

  async@0.2.10: {}

  dotenv@16.4.7: {}

  fluent-ffmpeg@2.1.3:
    dependencies:
      async: 0.2.10
      which: 1.3.1

  fsevents@2.3.2:
    optional: true

  isexe@2.0.0: {}

  playwright-core@1.50.1: {}

  playwright@1.50.1:
    dependencies:
      playwright-core: 1.50.1
    optionalDependencies:
      fsevents: 2.3.2

  undici-types@6.20.0: {}

  which@1.3.1:
    dependencies:
      isexe: 2.0.0
